
Microsoft Visual Studio Solution File, Format Version 12.00
# Visual Studio Version 17
VisualStudioVersion = 17.0.31606.5
MinimumVisualStudioVersion = 10.0.40219.1
Project("{9A19103F-16F7-4668-BE54-9A1E7A4F7556}") = "ScriptureRenderingPipeline", "ScriptureRenderingPipeline\ScriptureRenderingPipeline.csproj", "{687E3D6E-929A-49D5-89CD-AD1F48875A57}"
EndProject
Project("{9A19103F-16F7-4668-BE54-9A1E7A4F7556}") = "BTTWriterCatalog", "BTTWriterCatalog\BTTWriterCatalog.csproj", "{B236BC3C-5335-47D7-B893-3D7260D5CF3F}"
EndProject
Project("{9A19103F-16F7-4668-BE54-9A1E7A4F7556}") = "PipelineCommon", "PipelineCommon\PipelineCommon.csproj", "{B25AC782-56F5-4296-9F8D-FD1CC30185D1}"
EndProject
Project("{9A19103F-16F7-4668-BE54-9A1E7A4F7556}") = "SRPTests", "SRPTests\SRPTests.csproj", "{D5AAA1EE-6EB4-47CE-AE55-8D0B1E9BC7D4}"
	ProjectSection(ProjectDependencies) = postProject
		{687E3D6E-929A-49D5-89CD-AD1F48875A57} = {687E3D6E-929A-49D5-89CD-AD1F48875A57}
	EndProjectSection
EndProject
Project("{FAE04EC0-301F-11D3-BF4B-00C04F79EFBC}") = "DotLiquid", "..\dotliquid\src\DotLiquid\DotLiquid.csproj", "{35E83DA5-576F-4230-983E-E14F32AA64DE}"
EndProject
Global
	GlobalSection(SolutionConfigurationPlatforms) = preSolution
		Debug|Any CPU = Debug|Any CPU
		Release|Any CPU = Release|Any CPU
	EndGlobalSection
	GlobalSection(ProjectConfigurationPlatforms) = postSolution
		{687E3D6E-929A-49D5-89CD-AD1F48875A57}.Debug|Any CPU.ActiveCfg = Debug|Any CPU
		{687E3D6E-929A-49D5-89CD-AD1F48875A57}.Debug|Any CPU.Build.0 = Debug|Any CPU
		{687E3D6E-929A-49D5-89CD-AD1F48875A57}.Release|Any CPU.ActiveCfg = Release|Any CPU
		{687E3D6E-929A-49D5-89CD-AD1F48875A57}.Release|Any CPU.Build.0 = Release|Any CPU
		{B236BC3C-5335-47D7-B893-3D7260D5CF3F}.Debug|Any CPU.ActiveCfg = Debug|Any CPU
		{B236BC3C-5335-47D7-B893-3D7260D5CF3F}.Debug|Any CPU.Build.0 = Debug|Any CPU
		{B236BC3C-5335-47D7-B893-3D7260D5CF3F}.Release|Any CPU.ActiveCfg = Release|Any CPU
		{B236BC3C-5335-47D7-B893-3D7260D5CF3F}.Release|Any CPU.Build.0 = Release|Any CPU
		{B25AC782-56F5-4296-9F8D-FD1CC30185D1}.Debug|Any CPU.ActiveCfg = Debug|Any CPU
		{B25AC782-56F5-4296-9F8D-FD1CC30185D1}.Debug|Any CPU.Build.0 = Debug|Any CPU
		{B25AC782-56F5-4296-9F8D-FD1CC30185D1}.Release|Any CPU.ActiveCfg = Release|Any CPU
		{B25AC782-56F5-4296-9F8D-FD1CC30185D1}.Release|Any CPU.Build.0 = Release|Any CPU
		{D5AAA1EE-6EB4-47CE-AE55-8D0B1E9BC7D4}.Debug|Any CPU.ActiveCfg = Debug|Any CPU
		{D5AAA1EE-6EB4-47CE-AE55-8D0B1E9BC7D4}.Debug|Any CPU.Build.0 = Debug|Any CPU
		{D5AAA1EE-6EB4-47CE-AE55-8D0B1E9BC7D4}.Release|Any CPU.ActiveCfg = Release|Any CPU
		{D5AAA1EE-6EB4-47CE-AE55-8D0B1E9BC7D4}.Release|Any CPU.Build.0 = Release|Any CPU
		{35E83DA5-576F-4230-983E-E14F32AA64DE}.Debug|Any CPU.ActiveCfg = Debug|Any CPU
		{35E83DA5-576F-4230-983E-E14F32AA64DE}.Debug|Any CPU.Build.0 = Debug|Any CPU
		{35E83DA5-576F-4230-983E-E14F32AA64DE}.Release|Any CPU.ActiveCfg = Release|Any CPU
		{35E83DA5-576F-4230-983E-E14F32AA64DE}.Release|Any CPU.Build.0 = Release|Any CPU
	EndGlobalSection
	GlobalSection(SolutionProperties) = preSolution
		HideSolutionNode = FALSE
	EndGlobalSection
	GlobalSection(ExtensibilityGlobals) = postSolution
		SolutionGuid = {E7A893D1-87C8-4B21-86EF-09219663C8E8}
	EndGlobalSection
EndGlobal
